
Microsoft Visual Studio Solution File, Format Version 12.00
# Visual Studio Version 16
VisualStudioVersion = 16.0.29519.87
MinimumVisualStudioVersion = 10.0.40219.1
Project("{9A19103F-16F7-4668-BE54-9A1E7A4F7556}") = "DayOne", "DayOne\DayOne.csproj", "{B2EAB9B7-79F0-41AE-A423-4AE4DECD4FEA}"
EndProject
Project("{9A19103F-16F7-4668-BE54-9A1E7A4F7556}") = "DayOne.Tests", "DayOne.Tests\DayOne.Tests.csproj", "{327426F7-3D73-4593-A9A8-7510F498423E}"
EndProject
Project("{9A19103F-16F7-4668-BE54-9A1E7A4F7556}") = "DayTwo", "DayTwo\DayTwo.csproj", "{32F3E8BE-A9D9-4542-9041-661758CDE53A}"
EndProject
Project("{9A19103F-16F7-4668-BE54-9A1E7A4F7556}") = "DayTwo.Tests", "DayTwo.Tests\DayTwo.Tests.csproj", "{16DA7EBC-3445-4EF0-B17D-426CCA55BE2A}"
EndProject
Project("{2150E333-8FDC-42A3-9474-1A3956D46DE8}") = "01 - DayOne", "01 - DayOne", "{4A330215-291E-4B39-9AEB-4F816BA720E5}"
EndProject
Project("{2150E333-8FDC-42A3-9474-1A3956D46DE8}") = "02 - DayTwo", "02 - DayTwo", "{12A7044A-CF8F-4B06-A51C-A02FBA678C1A}"
EndProject
Project("{2150E333-8FDC-42A3-9474-1A3956D46DE8}") = "03 - DayThree", "03 - DayThree", "{A43B3A1E-C8D3-4E64-9D75-59AEA098BEBC}"
EndProject
Project("{9A19103F-16F7-4668-BE54-9A1E7A4F7556}") = "DayThree.Tests", "DayThree.Tests\DayThree.Tests.csproj", "{45EB60C7-F01D-4D60-826E-D510A8CF9EF5}"
EndProject
Project("{9A19103F-16F7-4668-BE54-9A1E7A4F7556}") = "DayThree", "DayThree\DayThree.csproj", "{6A6D851B-AE01-4F3D-AED8-0F79C481EDB6}"
EndProject
Project("{2150E333-8FDC-42A3-9474-1A3956D46DE8}") = "04 - DayFour", "04 - DayFour", "{8537FE07-5494-45A5-9F5A-B38D9BE9D599}"
EndProject
Project("{9A19103F-16F7-4668-BE54-9A1E7A4F7556}") = "DayFour", "DayFour\DayFour.csproj", "{C7BE4AF0-EB1F-40B7-A822-3448F921F60D}"
EndProject
Project("{9A19103F-16F7-4668-BE54-9A1E7A4F7556}") = "DayFour.Tests", "DayFour.Tests\DayFour.Tests.csproj", "{388EADE9-FD88-462E-A599-041165D84103}"
EndProject
Project("{2150E333-8FDC-42A3-9474-1A3956D46DE8}") = "05 - DayFive", "05 - DayFive", "{BB632D27-4875-470D-9A5B-2ACFA5D748C4}"
EndProject
Project("{9A19103F-16F7-4668-BE54-9A1E7A4F7556}") = "DayFive", "DayFive\DayFive.csproj", "{AD1CE8AE-DA9C-4F15-83AC-247ADB14B5E7}"
EndProject
Project("{9A19103F-16F7-4668-BE54-9A1E7A4F7556}") = "DayFive.Tests", "DayFive.Tests\DayFive.Tests.csproj", "{CAF79CA6-41FB-43BA-976A-E9A3466A4798}"
EndProject
Project("{2150E333-8FDC-42A3-9474-1A3956D46DE8}") = "06 - DaySix", "06 - DaySix", "{B611E2A5-2CD0-43CD-B45E-980A5A396522}"
EndProject
Project("{9A19103F-16F7-4668-BE54-9A1E7A4F7556}") = "DaySix", "DaySix\DaySix.csproj", "{02A865C2-6C9B-45F7-B6E6-CB85C18B1095}"
EndProject
Project("{9A19103F-16F7-4668-BE54-9A1E7A4F7556}") = "DaySix.Tests", "DaySix.Tests\DaySix.Tests.csproj", "{B257AD2D-E0B7-4D4E-A1A1-944F93ECE2A0}"
EndProject
Project("{2150E333-8FDC-42A3-9474-1A3956D46DE8}") = "07 - DaySeven", "07 - DaySeven", "{F1C7C047-A98F-49AF-B920-2E7889515EC3}"
EndProject
Project("{9A19103F-16F7-4668-BE54-9A1E7A4F7556}") = "DaySeven", "DaySeven\DaySeven.csproj", "{D55A2C24-8AFE-4566-968C-D9344EBBB572}"
EndProject
Project("{9A19103F-16F7-4668-BE54-9A1E7A4F7556}") = "DaySeven.Tests", "DaySeven.Tests\DaySeven.Tests.csproj", "{18C84CD4-4D52-4A66-BC89-52D227EA2020}"
EndProject
Project("{2150E333-8FDC-42A3-9474-1A3956D46DE8}") = "08 - DayHeight", "08 - DayHeight", "{A1297739-E60F-4190-BAA2-1692B450376C}"
EndProject
Project("{9A19103F-16F7-4668-BE54-9A1E7A4F7556}") = "DayHeight", "DayHeight\DayHeight.csproj", "{9756F2D1-9C44-4365-8EB8-DA23F594F3D7}"
EndProject
Project("{9A19103F-16F7-4668-BE54-9A1E7A4F7556}") = "DayHeight.Tests", "DayHeight.Tests\DayHeight.Tests.csproj", "{460EC306-FD2A-4C63-A234-9B5B91D2A474}"
EndProject
Project("{2150E333-8FDC-42A3-9474-1A3956D46DE8}") = "09 - DayNine", "09 - DayNine", "{1045F200-3A70-40F7-A154-989682F02C0E}"
EndProject
Project("{9A19103F-16F7-4668-BE54-9A1E7A4F7556}") = "DayNine", "DayNine\DayNine.csproj", "{61A99961-8823-42AB-8DE7-127A59DF742E}"
EndProject
Project("{2150E333-8FDC-42A3-9474-1A3956D46DE8}") = "10 - DayTen", "10 - DayTen", "{5A024B27-ED5D-4535-ABEA-A3186A484E69}"
EndProject
Project("{FAE04EC0-301F-11D3-BF4B-00C04F79EFBC}") = "DayTen.Tests", "DayTen.Tests\DayTen.Tests.csproj", "{9955AF5D-A5BF-4943-991A-DF874F174754}"
EndProject
Project("{FAE04EC0-301F-11D3-BF4B-00C04F79EFBC}") = "DayTen", "DayTen\DayTen.csproj", "{F8F630C6-423F-4388-ABFC-714057CF9A08}"
EndProject
Project("{2150E333-8FDC-42A3-9474-1A3956D46DE8}") = "11 - DayEleven", "11 - DayEleven", "{B8472606-D799-4B7D-8CE0-D68152BBD64C}"
EndProject
Project("{FAE04EC0-301F-11D3-BF4B-00C04F79EFBC}") = "DayEleven", "DayEleven\DayEleven.csproj", "{F5A1F7BD-F972-451D-84D5-B31FB19B82ED}"
EndProject
Global
	GlobalSection(SolutionConfigurationPlatforms) = preSolution
		Debug|Any CPU = Debug|Any CPU
		Release|Any CPU = Release|Any CPU
	EndGlobalSection
	GlobalSection(ProjectConfigurationPlatforms) = postSolution
		{B2EAB9B7-79F0-41AE-A423-4AE4DECD4FEA}.Debug|Any CPU.ActiveCfg = Debug|Any CPU
		{B2EAB9B7-79F0-41AE-A423-4AE4DECD4FEA}.Debug|Any CPU.Build.0 = Debug|Any CPU
		{B2EAB9B7-79F0-41AE-A423-4AE4DECD4FEA}.Release|Any CPU.ActiveCfg = Release|Any CPU
		{B2EAB9B7-79F0-41AE-A423-4AE4DECD4FEA}.Release|Any CPU.Build.0 = Release|Any CPU
		{327426F7-3D73-4593-A9A8-7510F498423E}.Debug|Any CPU.ActiveCfg = Debug|Any CPU
		{327426F7-3D73-4593-A9A8-7510F498423E}.Debug|Any CPU.Build.0 = Debug|Any CPU
		{327426F7-3D73-4593-A9A8-7510F498423E}.Release|Any CPU.ActiveCfg = Release|Any CPU
		{327426F7-3D73-4593-A9A8-7510F498423E}.Release|Any CPU.Build.0 = Release|Any CPU
		{32F3E8BE-A9D9-4542-9041-661758CDE53A}.Debug|Any CPU.ActiveCfg = Debug|Any CPU
		{32F3E8BE-A9D9-4542-9041-661758CDE53A}.Debug|Any CPU.Build.0 = Debug|Any CPU
		{32F3E8BE-A9D9-4542-9041-661758CDE53A}.Release|Any CPU.ActiveCfg = Release|Any CPU
		{32F3E8BE-A9D9-4542-9041-661758CDE53A}.Release|Any CPU.Build.0 = Release|Any CPU
		{16DA7EBC-3445-4EF0-B17D-426CCA55BE2A}.Debug|Any CPU.ActiveCfg = Debug|Any CPU
		{16DA7EBC-3445-4EF0-B17D-426CCA55BE2A}.Debug|Any CPU.Build.0 = Debug|Any CPU
		{16DA7EBC-3445-4EF0-B17D-426CCA55BE2A}.Release|Any CPU.ActiveCfg = Release|Any CPU
		{16DA7EBC-3445-4EF0-B17D-426CCA55BE2A}.Release|Any CPU.Build.0 = Release|Any CPU
		{45EB60C7-F01D-4D60-826E-D510A8CF9EF5}.Debug|Any CPU.ActiveCfg = Debug|Any CPU
		{45EB60C7-F01D-4D60-826E-D510A8CF9EF5}.Debug|Any CPU.Build.0 = Debug|Any CPU
		{45EB60C7-F01D-4D60-826E-D510A8CF9EF5}.Release|Any CPU.ActiveCfg = Release|Any CPU
		{45EB60C7-F01D-4D60-826E-D510A8CF9EF5}.Release|Any CPU.Build.0 = Release|Any CPU
		{6A6D851B-AE01-4F3D-AED8-0F79C481EDB6}.Debug|Any CPU.ActiveCfg = Debug|Any CPU
		{6A6D851B-AE01-4F3D-AED8-0F79C481EDB6}.Debug|Any CPU.Build.0 = Debug|Any CPU
		{6A6D851B-AE01-4F3D-AED8-0F79C481EDB6}.Release|Any CPU.ActiveCfg = Release|Any CPU
		{6A6D851B-AE01-4F3D-AED8-0F79C481EDB6}.Release|Any CPU.Build.0 = Release|Any CPU
		{C7BE4AF0-EB1F-40B7-A822-3448F921F60D}.Debug|Any CPU.ActiveCfg = Debug|Any CPU
		{C7BE4AF0-EB1F-40B7-A822-3448F921F60D}.Debug|Any CPU.Build.0 = Debug|Any CPU
		{C7BE4AF0-EB1F-40B7-A822-3448F921F60D}.Release|Any CPU.ActiveCfg = Release|Any CPU
		{C7BE4AF0-EB1F-40B7-A822-3448F921F60D}.Release|Any CPU.Build.0 = Release|Any CPU
		{388EADE9-FD88-462E-A599-041165D84103}.Debug|Any CPU.ActiveCfg = Debug|Any CPU
		{388EADE9-FD88-462E-A599-041165D84103}.Debug|Any CPU.Build.0 = Debug|Any CPU
		{388EADE9-FD88-462E-A599-041165D84103}.Release|Any CPU.ActiveCfg = Release|Any CPU
		{388EADE9-FD88-462E-A599-041165D84103}.Release|Any CPU.Build.0 = Release|Any CPU
		{AD1CE8AE-DA9C-4F15-83AC-247ADB14B5E7}.Debug|Any CPU.ActiveCfg = Debug|Any CPU
		{AD1CE8AE-DA9C-4F15-83AC-247ADB14B5E7}.Debug|Any CPU.Build.0 = Debug|Any CPU
		{AD1CE8AE-DA9C-4F15-83AC-247ADB14B5E7}.Release|Any CPU.ActiveCfg = Release|Any CPU
		{AD1CE8AE-DA9C-4F15-83AC-247ADB14B5E7}.Release|Any CPU.Build.0 = Release|Any CPU
		{CAF79CA6-41FB-43BA-976A-E9A3466A4798}.Debug|Any CPU.ActiveCfg = Debug|Any CPU
		{CAF79CA6-41FB-43BA-976A-E9A3466A4798}.Debug|Any CPU.Build.0 = Debug|Any CPU
		{CAF79CA6-41FB-43BA-976A-E9A3466A4798}.Release|Any CPU.ActiveCfg = Release|Any CPU
		{CAF79CA6-41FB-43BA-976A-E9A3466A4798}.Release|Any CPU.Build.0 = Release|Any CPU
		{02A865C2-6C9B-45F7-B6E6-CB85C18B1095}.Debug|Any CPU.ActiveCfg = Debug|Any CPU
		{02A865C2-6C9B-45F7-B6E6-CB85C18B1095}.Debug|Any CPU.Build.0 = Debug|Any CPU
		{02A865C2-6C9B-45F7-B6E6-CB85C18B1095}.Release|Any CPU.ActiveCfg = Release|Any CPU
		{02A865C2-6C9B-45F7-B6E6-CB85C18B1095}.Release|Any CPU.Build.0 = Release|Any CPU
		{B257AD2D-E0B7-4D4E-A1A1-944F93ECE2A0}.Debug|Any CPU.ActiveCfg = Debug|Any CPU
		{B257AD2D-E0B7-4D4E-A1A1-944F93ECE2A0}.Debug|Any CPU.Build.0 = Debug|Any CPU
		{B257AD2D-E0B7-4D4E-A1A1-944F93ECE2A0}.Release|Any CPU.ActiveCfg = Release|Any CPU
		{B257AD2D-E0B7-4D4E-A1A1-944F93ECE2A0}.Release|Any CPU.Build.0 = Release|Any CPU
		{D55A2C24-8AFE-4566-968C-D9344EBBB572}.Debug|Any CPU.ActiveCfg = Debug|Any CPU
		{D55A2C24-8AFE-4566-968C-D9344EBBB572}.Debug|Any CPU.Build.0 = Debug|Any CPU
		{D55A2C24-8AFE-4566-968C-D9344EBBB572}.Release|Any CPU.ActiveCfg = Release|Any CPU
		{D55A2C24-8AFE-4566-968C-D9344EBBB572}.Release|Any CPU.Build.0 = Release|Any CPU
		{18C84CD4-4D52-4A66-BC89-52D227EA2020}.Debug|Any CPU.ActiveCfg = Debug|Any CPU
		{18C84CD4-4D52-4A66-BC89-52D227EA2020}.Debug|Any CPU.Build.0 = Debug|Any CPU
		{18C84CD4-4D52-4A66-BC89-52D227EA2020}.Release|Any CPU.ActiveCfg = Release|Any CPU
		{18C84CD4-4D52-4A66-BC89-52D227EA2020}.Release|Any CPU.Build.0 = Release|Any CPU
		{9756F2D1-9C44-4365-8EB8-DA23F594F3D7}.Debug|Any CPU.ActiveCfg = Debug|Any CPU
		{9756F2D1-9C44-4365-8EB8-DA23F594F3D7}.Debug|Any CPU.Build.0 = Debug|Any CPU
		{9756F2D1-9C44-4365-8EB8-DA23F594F3D7}.Release|Any CPU.ActiveCfg = Release|Any CPU
		{9756F2D1-9C44-4365-8EB8-DA23F594F3D7}.Release|Any CPU.Build.0 = Release|Any CPU
		{460EC306-FD2A-4C63-A234-9B5B91D2A474}.Debug|Any CPU.ActiveCfg = Debug|Any CPU
		{460EC306-FD2A-4C63-A234-9B5B91D2A474}.Debug|Any CPU.Build.0 = Debug|Any CPU
		{460EC306-FD2A-4C63-A234-9B5B91D2A474}.Release|Any CPU.ActiveCfg = Release|Any CPU
		{460EC306-FD2A-4C63-A234-9B5B91D2A474}.Release|Any CPU.Build.0 = Release|Any CPU
		{61A99961-8823-42AB-8DE7-127A59DF742E}.Debug|Any CPU.ActiveCfg = Debug|Any CPU
		{61A99961-8823-42AB-8DE7-127A59DF742E}.Debug|Any CPU.Build.0 = Debug|Any CPU
		{61A99961-8823-42AB-8DE7-127A59DF742E}.Release|Any CPU.ActiveCfg = Release|Any CPU
		{61A99961-8823-42AB-8DE7-127A59DF742E}.Release|Any CPU.Build.0 = Release|Any CPU
		{9955AF5D-A5BF-4943-991A-DF874F174754}.Debug|Any CPU.ActiveCfg = Debug|Any CPU
		{9955AF5D-A5BF-4943-991A-DF874F174754}.Debug|Any CPU.Build.0 = Debug|Any CPU
		{9955AF5D-A5BF-4943-991A-DF874F174754}.Release|Any CPU.ActiveCfg = Release|Any CPU
		{9955AF5D-A5BF-4943-991A-DF874F174754}.Release|Any CPU.Build.0 = Release|Any CPU
		{F8F630C6-423F-4388-ABFC-714057CF9A08}.Debug|Any CPU.ActiveCfg = Debug|Any CPU
		{F8F630C6-423F-4388-ABFC-714057CF9A08}.Debug|Any CPU.Build.0 = Debug|Any CPU
		{F8F630C6-423F-4388-ABFC-714057CF9A08}.Release|Any CPU.ActiveCfg = Release|Any CPU
		{F8F630C6-423F-4388-ABFC-714057CF9A08}.Release|Any CPU.Build.0 = Release|Any CPU
		{F5A1F7BD-F972-451D-84D5-B31FB19B82ED}.Debug|Any CPU.ActiveCfg = Debug|Any CPU
		{F5A1F7BD-F972-451D-84D5-B31FB19B82ED}.Debug|Any CPU.Build.0 = Debug|Any CPU
		{F5A1F7BD-F972-451D-84D5-B31FB19B82ED}.Release|Any CPU.ActiveCfg = Release|Any CPU
		{F5A1F7BD-F972-451D-84D5-B31FB19B82ED}.Release|Any CPU.Build.0 = Release|Any CPU
	EndGlobalSection
	GlobalSection(SolutionProperties) = preSolution
		HideSolutionNode = FALSE
	EndGlobalSection
	GlobalSection(NestedProjects) = preSolution
		{B2EAB9B7-79F0-41AE-A423-4AE4DECD4FEA} = {4A330215-291E-4B39-9AEB-4F816BA720E5}
		{327426F7-3D73-4593-A9A8-7510F498423E} = {4A330215-291E-4B39-9AEB-4F816BA720E5}
		{32F3E8BE-A9D9-4542-9041-661758CDE53A} = {12A7044A-CF8F-4B06-A51C-A02FBA678C1A}
		{16DA7EBC-3445-4EF0-B17D-426CCA55BE2A} = {12A7044A-CF8F-4B06-A51C-A02FBA678C1A}
		{45EB60C7-F01D-4D60-826E-D510A8CF9EF5} = {A43B3A1E-C8D3-4E64-9D75-59AEA098BEBC}
		{6A6D851B-AE01-4F3D-AED8-0F79C481EDB6} = {A43B3A1E-C8D3-4E64-9D75-59AEA098BEBC}
		{C7BE4AF0-EB1F-40B7-A822-3448F921F60D} = {8537FE07-5494-45A5-9F5A-B38D9BE9D599}
		{388EADE9-FD88-462E-A599-041165D84103} = {8537FE07-5494-45A5-9F5A-B38D9BE9D599}
		{AD1CE8AE-DA9C-4F15-83AC-247ADB14B5E7} = {BB632D27-4875-470D-9A5B-2ACFA5D748C4}
		{CAF79CA6-41FB-43BA-976A-E9A3466A4798} = {BB632D27-4875-470D-9A5B-2ACFA5D748C4}
		{02A865C2-6C9B-45F7-B6E6-CB85C18B1095} = {B611E2A5-2CD0-43CD-B45E-980A5A396522}
		{B257AD2D-E0B7-4D4E-A1A1-944F93ECE2A0} = {B611E2A5-2CD0-43CD-B45E-980A5A396522}
		{D55A2C24-8AFE-4566-968C-D9344EBBB572} = {F1C7C047-A98F-49AF-B920-2E7889515EC3}
		{18C84CD4-4D52-4A66-BC89-52D227EA2020} = {F1C7C047-A98F-49AF-B920-2E7889515EC3}
		{9756F2D1-9C44-4365-8EB8-DA23F594F3D7} = {A1297739-E60F-4190-BAA2-1692B450376C}
		{460EC306-FD2A-4C63-A234-9B5B91D2A474} = {A1297739-E60F-4190-BAA2-1692B450376C}
		{61A99961-8823-42AB-8DE7-127A59DF742E} = {1045F200-3A70-40F7-A154-989682F02C0E}
		{9955AF5D-A5BF-4943-991A-DF874F174754} = {5A024B27-ED5D-4535-ABEA-A3186A484E69}
		{F8F630C6-423F-4388-ABFC-714057CF9A08} = {5A024B27-ED5D-4535-ABEA-A3186A484E69}
		{F5A1F7BD-F972-451D-84D5-B31FB19B82ED} = {B8472606-D799-4B7D-8CE0-D68152BBD64C}
	EndGlobalSection
	GlobalSection(ExtensibilityGlobals) = postSolution
		SolutionGuid = {8501C55B-7F4D-4991-9D43-1D28EF647A51}
	EndGlobalSection
EndGlobal
