
Microsoft Visual Studio Solution File, Format Version 12.00
# Visual Studio Version 16
VisualStudioVersion = 16.0.29519.87
MinimumVisualStudioVersion = 10.0.40219.1
Project("{9A19103F-16F7-4668-BE54-9A1E7A4F7556}") = "DayOne", "DayOne\DayOne.csproj", "{B2EAB9B7-79F0-41AE-A423-4AE4DECD4FEA}"
EndProject
Project("{9A19103F-16F7-4668-BE54-9A1E7A4F7556}") = "DayOne.Tests", "DayOne.Tests\DayOne.Tests.csproj", "{327426F7-3D73-4593-A9A8-7510F498423E}"
EndProject
Project("{9A19103F-16F7-4668-BE54-9A1E7A4F7556}") = "DayTwo", "DayTwo\DayTwo.csproj", "{32F3E8BE-A9D9-4542-9041-661758CDE53A}"
EndProject
Project("{2150E333-8FDC-42A3-9474-1A3956D46DE8}") = "01 - DayOne", "01 - DayOne", "{4A330215-291E-4B39-9AEB-4F816BA720E5}"
EndProject
Project("{2150E333-8FDC-42A3-9474-1A3956D46DE8}") = "02 - DayTwo", "02 - DayTwo", "{12A7044A-CF8F-4B06-A51C-A02FBA678C1A}"
EndProject
Project("{2150E333-8FDC-42A3-9474-1A3956D46DE8}") = "03 - DayThree", "03 - DayThree", "{A43B3A1E-C8D3-4E64-9D75-59AEA098BEBC}"
EndProject
Project("{9A19103F-16F7-4668-BE54-9A1E7A4F7556}") = "DayThree.Tests", "DayThree.Tests\DayThree.Tests.csproj", "{45EB60C7-F01D-4D60-826E-D510A8CF9EF5}"
EndProject
Project("{9A19103F-16F7-4668-BE54-9A1E7A4F7556}") = "DayThree", "DayThree\DayThree.csproj", "{6A6D851B-AE01-4F3D-AED8-0F79C481EDB6}"
EndProject
Project("{2150E333-8FDC-42A3-9474-1A3956D46DE8}") = "04 - DayFour", "04 - DayFour", "{8537FE07-5494-45A5-9F5A-B38D9BE9D599}"
EndProject
Project("{9A19103F-16F7-4668-BE54-9A1E7A4F7556}") = "DayFour", "DayFour\DayFour.csproj", "{C7BE4AF0-EB1F-40B7-A822-3448F921F60D}"
EndProject
Project("{9A19103F-16F7-4668-BE54-9A1E7A4F7556}") = "DayFour.Tests", "DayFour.Tests\DayFour.Tests.csproj", "{388EADE9-FD88-462E-A599-041165D84103}"
EndProject
Project("{2150E333-8FDC-42A3-9474-1A3956D46DE8}") = "05 - DayFive", "05 - DayFive", "{BB632D27-4875-470D-9A5B-2ACFA5D748C4}"
EndProject
Project("{9A19103F-16F7-4668-BE54-9A1E7A4F7556}") = "DayFive", "DayFive\DayFive.csproj", "{AD1CE8AE-DA9C-4F15-83AC-247ADB14B5E7}"
EndProject
Project("{2150E333-8FDC-42A3-9474-1A3956D46DE8}") = "06 - DaySix", "06 - DaySix", "{B611E2A5-2CD0-43CD-B45E-980A5A396522}"
EndProject
Project("{9A19103F-16F7-4668-BE54-9A1E7A4F7556}") = "DaySix", "DaySix\DaySix.csproj", "{02A865C2-6C9B-45F7-B6E6-CB85C18B1095}"
EndProject
Project("{9A19103F-16F7-4668-BE54-9A1E7A4F7556}") = "DaySix.Tests", "DaySix.Tests\DaySix.Tests.csproj", "{B257AD2D-E0B7-4D4E-A1A1-944F93ECE2A0}"
EndProject
Project("{2150E333-8FDC-42A3-9474-1A3956D46DE8}") = "07 - DaySeven", "07 - DaySeven", "{F1C7C047-A98F-49AF-B920-2E7889515EC3}"
EndProject
Project("{9A19103F-16F7-4668-BE54-9A1E7A4F7556}") = "DaySeven", "DaySeven\DaySeven.csproj", "{D55A2C24-8AFE-4566-968C-D9344EBBB572}"
EndProject
Project("{9A19103F-16F7-4668-BE54-9A1E7A4F7556}") = "DaySeven.Tests", "DaySeven.Tests\DaySeven.Tests.csproj", "{18C84CD4-4D52-4A66-BC89-52D227EA2020}"
EndProject
Project("{2150E333-8FDC-42A3-9474-1A3956D46DE8}") = "08 - DayHeight", "08 - DayHeight", "{A1297739-E60F-4190-BAA2-1692B450376C}"
EndProject
Project("{9A19103F-16F7-4668-BE54-9A1E7A4F7556}") = "DayHeight", "DayHeight\DayHeight.csproj", "{9756F2D1-9C44-4365-8EB8-DA23F594F3D7}"
EndProject
Project("{9A19103F-16F7-4668-BE54-9A1E7A4F7556}") = "DayHeight.Tests", "DayHeight.Tests\DayHeight.Tests.csproj", "{460EC306-FD2A-4C63-A234-9B5B91D2A474}"
EndProject
Project("{2150E333-8FDC-42A3-9474-1A3956D46DE8}") = "09 - DayNine", "09 - DayNine", "{1045F200-3A70-40F7-A154-989682F02C0E}"
EndProject
Project("{9A19103F-16F7-4668-BE54-9A1E7A4F7556}") = "DayNine", "DayNine\DayNine.csproj", "{61A99961-8823-42AB-8DE7-127A59DF742E}"
EndProject
Project("{2150E333-8FDC-42A3-9474-1A3956D46DE8}") = "10 - DayTen", "10 - DayTen", "{5A024B27-ED5D-4535-ABEA-A3186A484E69}"
EndProject
Project("{9A19103F-16F7-4668-BE54-9A1E7A4F7556}") = "DayTen.Tests", "DayTen.Tests\DayTen.Tests.csproj", "{9955AF5D-A5BF-4943-991A-DF874F174754}"
EndProject
Project("{9A19103F-16F7-4668-BE54-9A1E7A4F7556}") = "DayTen", "DayTen\DayTen.csproj", "{F8F630C6-423F-4388-ABFC-714057CF9A08}"
EndProject
Project("{2150E333-8FDC-42A3-9474-1A3956D46DE8}") = "11 - DayEleven", "11 - DayEleven", "{B8472606-D799-4B7D-8CE0-D68152BBD64C}"
EndProject
Project("{9A19103F-16F7-4668-BE54-9A1E7A4F7556}") = "DayEleven", "DayEleven\DayEleven.csproj", "{F5A1F7BD-F972-451D-84D5-B31FB19B82ED}"
EndProject
Project("{2150E333-8FDC-42A3-9474-1A3956D46DE8}") = "12 - DayTwelve", "12 - DayTwelve", "{73534CBA-7726-4B62-B29E-0E588E3BA09A}"
EndProject
Project("{9A19103F-16F7-4668-BE54-9A1E7A4F7556}") = "DayTwelve", "DayTwelve\DayTwelve.csproj", "{C3C48AEB-5C31-4ABF-B0A4-5664509BE68B}"
EndProject
Project("{9A19103F-16F7-4668-BE54-9A1E7A4F7556}") = "DayTwelve.Tests", "DayTwelve.Tests\DayTwelve.Tests.csproj", "{174F7654-5EDC-4E87-A102-DFAF9DF111E4}"
EndProject
Project("{2150E333-8FDC-42A3-9474-1A3956D46DE8}") = "13 - DayThirteen", "13 - DayThirteen", "{CD0E042F-AAC9-4B43-8737-06AD77633723}"
EndProject
Project("{9A19103F-16F7-4668-BE54-9A1E7A4F7556}") = "DayThirteen", "DayThirteen\DayThirteen.csproj", "{9F169371-76B6-4500-8152-1F615FD3906C}"
EndProject
Project("{2150E333-8FDC-42A3-9474-1A3956D46DE8}") = "14 - DayFourteen", "14 - DayFourteen", "{5CAECCE2-C262-4C70-A0A0-D58B2177C640}"
EndProject
Project("{9A19103F-16F7-4668-BE54-9A1E7A4F7556}") = "DayFourteen", "DayFourteen\DayFourteen.csproj", "{870A95FD-FF98-4D2B-83AA-8EB6208A95BB}"
EndProject
Project("{9A19103F-16F7-4668-BE54-9A1E7A4F7556}") = "DayFourteen.Tests", "DayFourteen.Tests\DayFourteen.Tests.csproj", "{AE2DA9DB-1CCF-4562-96A8-B34EC504C57A}"
EndProject
Project("{2150E333-8FDC-42A3-9474-1A3956D46DE8}") = "Common", "Common", "{1C54B4FE-5536-4F41-813C-108D92CD8719}"
EndProject
Project("{9A19103F-16F7-4668-BE54-9A1E7A4F7556}") = "FourLeggedHead.IO", "FourLeggedHead.IO\FourLeggedHead.IO.csproj", "{C620B7D8-CC1C-4649-9879-553821E015E3}"
EndProject
Project("{9A19103F-16F7-4668-BE54-9A1E7A4F7556}") = "FourLeggedHead.Model", "FourLeggedHead.Model\FourLeggedHead.Model.csproj", "{394CD7EA-090E-43EF-8BC9-15CCEF353E27}"
EndProject
Project("{9A19103F-16F7-4668-BE54-9A1E7A4F7556}") = "FourLeggedHead.Model.Tests", "FourLeggedHead.Model.Tests\FourLeggedHead.Model.Tests.csproj", "{7FB4B55B-6BC7-403A-A566-A400CC907F89}"
EndProject
Project("{2150E333-8FDC-42A3-9474-1A3956D46DE8}") = "15 - DayFifteen", "15 - DayFifteen", "{C9586334-34C9-49D5-9E2A-946E6B376564}"
EndProject
Project("{9A19103F-16F7-4668-BE54-9A1E7A4F7556}") = "DayFifteen", "DayFifteen\DayFifteen.csproj", "{443762B3-C9CB-40D9-9EF6-903B84C01312}"
EndProject
Project("{2150E333-8FDC-42A3-9474-1A3956D46DE8}") = "16 - DaySixteen", "16 - DaySixteen", "{E474424A-332F-470B-9B76-26CA38DF1E65}"
EndProject
Project("{9A19103F-16F7-4668-BE54-9A1E7A4F7556}") = "DaySixteen", "DaySixteen\DaySixteen.csproj", "{36471689-8D2A-4D94-B7B8-A026B0AF6881}"
EndProject
Project("{2150E333-8FDC-42A3-9474-1A3956D46DE8}") = "17 - DaySeventeen", "17 - DaySeventeen", "{ADD04F3D-4F97-480E-B27C-81F504DAF1DD}"
EndProject
Project("{FAE04EC0-301F-11D3-BF4B-00C04F79EFBC}") = "DaySeventeen", "DaySeventeen\DaySeventeen.csproj", "{EBBFD49A-133D-4457-B2C1-108447B07A74}"
EndProject
Project("{2150E333-8FDC-42A3-9474-1A3956D46DE8}") = "18 - DayEighteen", "18 - DayEighteen", "{359DAC13-4B51-4523-82F0-6598941752F7}"
EndProject
Project("{FAE04EC0-301F-11D3-BF4B-00C04F79EFBC}") = "DayEighteen", "DayEighteen\DayEighteen.csproj", "{CB933AEF-7ACE-43A0-8C66-91291DDD0F53}"
EndProject
Project("{FAE04EC0-301F-11D3-BF4B-00C04F79EFBC}") = "FourLeggedHead.Tools", "FourLeggedHead.Tools\FourLeggedHead.Tools.csproj", "{340B7626-1EDA-4216-8198-B671AC97B61F}"
EndProject
Global
	GlobalSection(SolutionConfigurationPlatforms) = preSolution
		Debug|Any CPU = Debug|Any CPU
		Release|Any CPU = Release|Any CPU
	EndGlobalSection
	GlobalSection(ProjectConfigurationPlatforms) = postSolution
		{B2EAB9B7-79F0-41AE-A423-4AE4DECD4FEA}.Debug|Any CPU.ActiveCfg = Debug|Any CPU
		{B2EAB9B7-79F0-41AE-A423-4AE4DECD4FEA}.Debug|Any CPU.Build.0 = Debug|Any CPU
		{B2EAB9B7-79F0-41AE-A423-4AE4DECD4FEA}.Release|Any CPU.ActiveCfg = Release|Any CPU
		{B2EAB9B7-79F0-41AE-A423-4AE4DECD4FEA}.Release|Any CPU.Build.0 = Release|Any CPU
		{327426F7-3D73-4593-A9A8-7510F498423E}.Debug|Any CPU.ActiveCfg = Debug|Any CPU
		{327426F7-3D73-4593-A9A8-7510F498423E}.Debug|Any CPU.Build.0 = Debug|Any CPU
		{327426F7-3D73-4593-A9A8-7510F498423E}.Release|Any CPU.ActiveCfg = Release|Any CPU
		{327426F7-3D73-4593-A9A8-7510F498423E}.Release|Any CPU.Build.0 = Release|Any CPU
		{32F3E8BE-A9D9-4542-9041-661758CDE53A}.Debug|Any CPU.ActiveCfg = Debug|Any CPU
		{32F3E8BE-A9D9-4542-9041-661758CDE53A}.Debug|Any CPU.Build.0 = Debug|Any CPU
		{32F3E8BE-A9D9-4542-9041-661758CDE53A}.Release|Any CPU.ActiveCfg = Release|Any CPU
		{32F3E8BE-A9D9-4542-9041-661758CDE53A}.Release|Any CPU.Build.0 = Release|Any CPU
		{45EB60C7-F01D-4D60-826E-D510A8CF9EF5}.Debug|Any CPU.ActiveCfg = Debug|Any CPU
		{45EB60C7-F01D-4D60-826E-D510A8CF9EF5}.Debug|Any CPU.Build.0 = Debug|Any CPU
		{45EB60C7-F01D-4D60-826E-D510A8CF9EF5}.Release|Any CPU.ActiveCfg = Release|Any CPU
		{45EB60C7-F01D-4D60-826E-D510A8CF9EF5}.Release|Any CPU.Build.0 = Release|Any CPU
		{6A6D851B-AE01-4F3D-AED8-0F79C481EDB6}.Debug|Any CPU.ActiveCfg = Debug|Any CPU
		{6A6D851B-AE01-4F3D-AED8-0F79C481EDB6}.Debug|Any CPU.Build.0 = Debug|Any CPU
		{6A6D851B-AE01-4F3D-AED8-0F79C481EDB6}.Release|Any CPU.ActiveCfg = Release|Any CPU
		{6A6D851B-AE01-4F3D-AED8-0F79C481EDB6}.Release|Any CPU.Build.0 = Release|Any CPU
		{C7BE4AF0-EB1F-40B7-A822-3448F921F60D}.Debug|Any CPU.ActiveCfg = Debug|Any CPU
		{C7BE4AF0-EB1F-40B7-A822-3448F921F60D}.Debug|Any CPU.Build.0 = Debug|Any CPU
		{C7BE4AF0-EB1F-40B7-A822-3448F921F60D}.Release|Any CPU.ActiveCfg = Release|Any CPU
		{C7BE4AF0-EB1F-40B7-A822-3448F921F60D}.Release|Any CPU.Build.0 = Release|Any CPU
		{388EADE9-FD88-462E-A599-041165D84103}.Debug|Any CPU.ActiveCfg = Debug|Any CPU
		{388EADE9-FD88-462E-A599-041165D84103}.Debug|Any CPU.Build.0 = Debug|Any CPU
		{388EADE9-FD88-462E-A599-041165D84103}.Release|Any CPU.ActiveCfg = Release|Any CPU
		{388EADE9-FD88-462E-A599-041165D84103}.Release|Any CPU.Build.0 = Release|Any CPU
		{AD1CE8AE-DA9C-4F15-83AC-247ADB14B5E7}.Debug|Any CPU.ActiveCfg = Debug|Any CPU
		{AD1CE8AE-DA9C-4F15-83AC-247ADB14B5E7}.Debug|Any CPU.Build.0 = Debug|Any CPU
		{AD1CE8AE-DA9C-4F15-83AC-247ADB14B5E7}.Release|Any CPU.ActiveCfg = Release|Any CPU
		{AD1CE8AE-DA9C-4F15-83AC-247ADB14B5E7}.Release|Any CPU.Build.0 = Release|Any CPU
		{02A865C2-6C9B-45F7-B6E6-CB85C18B1095}.Debug|Any CPU.ActiveCfg = Debug|Any CPU
		{02A865C2-6C9B-45F7-B6E6-CB85C18B1095}.Debug|Any CPU.Build.0 = Debug|Any CPU
		{02A865C2-6C9B-45F7-B6E6-CB85C18B1095}.Release|Any CPU.ActiveCfg = Release|Any CPU
		{02A865C2-6C9B-45F7-B6E6-CB85C18B1095}.Release|Any CPU.Build.0 = Release|Any CPU
		{B257AD2D-E0B7-4D4E-A1A1-944F93ECE2A0}.Debug|Any CPU.ActiveCfg = Debug|Any CPU
		{B257AD2D-E0B7-4D4E-A1A1-944F93ECE2A0}.Debug|Any CPU.Build.0 = Debug|Any CPU
		{B257AD2D-E0B7-4D4E-A1A1-944F93ECE2A0}.Release|Any CPU.ActiveCfg = Release|Any CPU
		{B257AD2D-E0B7-4D4E-A1A1-944F93ECE2A0}.Release|Any CPU.Build.0 = Release|Any CPU
		{D55A2C24-8AFE-4566-968C-D9344EBBB572}.Debug|Any CPU.ActiveCfg = Debug|Any CPU
		{D55A2C24-8AFE-4566-968C-D9344EBBB572}.Debug|Any CPU.Build.0 = Debug|Any CPU
		{D55A2C24-8AFE-4566-968C-D9344EBBB572}.Release|Any CPU.ActiveCfg = Release|Any CPU
		{D55A2C24-8AFE-4566-968C-D9344EBBB572}.Release|Any CPU.Build.0 = Release|Any CPU
		{18C84CD4-4D52-4A66-BC89-52D227EA2020}.Debug|Any CPU.ActiveCfg = Debug|Any CPU
		{18C84CD4-4D52-4A66-BC89-52D227EA2020}.Debug|Any CPU.Build.0 = Debug|Any CPU
		{18C84CD4-4D52-4A66-BC89-52D227EA2020}.Release|Any CPU.ActiveCfg = Release|Any CPU
		{18C84CD4-4D52-4A66-BC89-52D227EA2020}.Release|Any CPU.Build.0 = Release|Any CPU
		{9756F2D1-9C44-4365-8EB8-DA23F594F3D7}.Debug|Any CPU.ActiveCfg = Debug|Any CPU
		{9756F2D1-9C44-4365-8EB8-DA23F594F3D7}.Debug|Any CPU.Build.0 = Debug|Any CPU
		{9756F2D1-9C44-4365-8EB8-DA23F594F3D7}.Release|Any CPU.ActiveCfg = Release|Any CPU
		{9756F2D1-9C44-4365-8EB8-DA23F594F3D7}.Release|Any CPU.Build.0 = Release|Any CPU
		{460EC306-FD2A-4C63-A234-9B5B91D2A474}.Debug|Any CPU.ActiveCfg = Debug|Any CPU
		{460EC306-FD2A-4C63-A234-9B5B91D2A474}.Debug|Any CPU.Build.0 = Debug|Any CPU
		{460EC306-FD2A-4C63-A234-9B5B91D2A474}.Release|Any CPU.ActiveCfg = Release|Any CPU
		{460EC306-FD2A-4C63-A234-9B5B91D2A474}.Release|Any CPU.Build.0 = Release|Any CPU
		{61A99961-8823-42AB-8DE7-127A59DF742E}.Debug|Any CPU.ActiveCfg = Debug|Any CPU
		{61A99961-8823-42AB-8DE7-127A59DF742E}.Debug|Any CPU.Build.0 = Debug|Any CPU
		{61A99961-8823-42AB-8DE7-127A59DF742E}.Release|Any CPU.ActiveCfg = Release|Any CPU
		{61A99961-8823-42AB-8DE7-127A59DF742E}.Release|Any CPU.Build.0 = Release|Any CPU
		{9955AF5D-A5BF-4943-991A-DF874F174754}.Debug|Any CPU.ActiveCfg = Debug|Any CPU
		{9955AF5D-A5BF-4943-991A-DF874F174754}.Debug|Any CPU.Build.0 = Debug|Any CPU
		{9955AF5D-A5BF-4943-991A-DF874F174754}.Release|Any CPU.ActiveCfg = Release|Any CPU
		{9955AF5D-A5BF-4943-991A-DF874F174754}.Release|Any CPU.Build.0 = Release|Any CPU
		{F8F630C6-423F-4388-ABFC-714057CF9A08}.Debug|Any CPU.ActiveCfg = Debug|Any CPU
		{F8F630C6-423F-4388-ABFC-714057CF9A08}.Debug|Any CPU.Build.0 = Debug|Any CPU
		{F8F630C6-423F-4388-ABFC-714057CF9A08}.Release|Any CPU.ActiveCfg = Release|Any CPU
		{F8F630C6-423F-4388-ABFC-714057CF9A08}.Release|Any CPU.Build.0 = Release|Any CPU
		{F5A1F7BD-F972-451D-84D5-B31FB19B82ED}.Debug|Any CPU.ActiveCfg = Debug|Any CPU
		{F5A1F7BD-F972-451D-84D5-B31FB19B82ED}.Debug|Any CPU.Build.0 = Debug|Any CPU
		{F5A1F7BD-F972-451D-84D5-B31FB19B82ED}.Release|Any CPU.ActiveCfg = Release|Any CPU
		{F5A1F7BD-F972-451D-84D5-B31FB19B82ED}.Release|Any CPU.Build.0 = Release|Any CPU
		{C3C48AEB-5C31-4ABF-B0A4-5664509BE68B}.Debug|Any CPU.ActiveCfg = Debug|Any CPU
		{C3C48AEB-5C31-4ABF-B0A4-5664509BE68B}.Debug|Any CPU.Build.0 = Debug|Any CPU
		{C3C48AEB-5C31-4ABF-B0A4-5664509BE68B}.Release|Any CPU.ActiveCfg = Release|Any CPU
		{C3C48AEB-5C31-4ABF-B0A4-5664509BE68B}.Release|Any CPU.Build.0 = Release|Any CPU
		{174F7654-5EDC-4E87-A102-DFAF9DF111E4}.Debug|Any CPU.ActiveCfg = Debug|Any CPU
		{174F7654-5EDC-4E87-A102-DFAF9DF111E4}.Debug|Any CPU.Build.0 = Debug|Any CPU
		{174F7654-5EDC-4E87-A102-DFAF9DF111E4}.Release|Any CPU.ActiveCfg = Release|Any CPU
		{174F7654-5EDC-4E87-A102-DFAF9DF111E4}.Release|Any CPU.Build.0 = Release|Any CPU
		{9F169371-76B6-4500-8152-1F615FD3906C}.Debug|Any CPU.ActiveCfg = Debug|Any CPU
		{9F169371-76B6-4500-8152-1F615FD3906C}.Debug|Any CPU.Build.0 = Debug|Any CPU
		{9F169371-76B6-4500-8152-1F615FD3906C}.Release|Any CPU.ActiveCfg = Release|Any CPU
		{9F169371-76B6-4500-8152-1F615FD3906C}.Release|Any CPU.Build.0 = Release|Any CPU
		{870A95FD-FF98-4D2B-83AA-8EB6208A95BB}.Debug|Any CPU.ActiveCfg = Debug|Any CPU
		{870A95FD-FF98-4D2B-83AA-8EB6208A95BB}.Debug|Any CPU.Build.0 = Debug|Any CPU
		{870A95FD-FF98-4D2B-83AA-8EB6208A95BB}.Release|Any CPU.ActiveCfg = Release|Any CPU
		{870A95FD-FF98-4D2B-83AA-8EB6208A95BB}.Release|Any CPU.Build.0 = Release|Any CPU
		{AE2DA9DB-1CCF-4562-96A8-B34EC504C57A}.Debug|Any CPU.ActiveCfg = Debug|Any CPU
		{AE2DA9DB-1CCF-4562-96A8-B34EC504C57A}.Debug|Any CPU.Build.0 = Debug|Any CPU
		{AE2DA9DB-1CCF-4562-96A8-B34EC504C57A}.Release|Any CPU.ActiveCfg = Release|Any CPU
		{AE2DA9DB-1CCF-4562-96A8-B34EC504C57A}.Release|Any CPU.Build.0 = Release|Any CPU
		{C620B7D8-CC1C-4649-9879-553821E015E3}.Debug|Any CPU.ActiveCfg = Debug|Any CPU
		{C620B7D8-CC1C-4649-9879-553821E015E3}.Debug|Any CPU.Build.0 = Debug|Any CPU
		{C620B7D8-CC1C-4649-9879-553821E015E3}.Release|Any CPU.ActiveCfg = Release|Any CPU
		{C620B7D8-CC1C-4649-9879-553821E015E3}.Release|Any CPU.Build.0 = Release|Any CPU
		{394CD7EA-090E-43EF-8BC9-15CCEF353E27}.Debug|Any CPU.ActiveCfg = Debug|Any CPU
		{394CD7EA-090E-43EF-8BC9-15CCEF353E27}.Debug|Any CPU.Build.0 = Debug|Any CPU
		{394CD7EA-090E-43EF-8BC9-15CCEF353E27}.Release|Any CPU.ActiveCfg = Release|Any CPU
		{394CD7EA-090E-43EF-8BC9-15CCEF353E27}.Release|Any CPU.Build.0 = Release|Any CPU
		{7FB4B55B-6BC7-403A-A566-A400CC907F89}.Debug|Any CPU.ActiveCfg = Debug|Any CPU
		{7FB4B55B-6BC7-403A-A566-A400CC907F89}.Debug|Any CPU.Build.0 = Debug|Any CPU
		{7FB4B55B-6BC7-403A-A566-A400CC907F89}.Release|Any CPU.ActiveCfg = Release|Any CPU
		{7FB4B55B-6BC7-403A-A566-A400CC907F89}.Release|Any CPU.Build.0 = Release|Any CPU
		{443762B3-C9CB-40D9-9EF6-903B84C01312}.Debug|Any CPU.ActiveCfg = Debug|Any CPU
		{443762B3-C9CB-40D9-9EF6-903B84C01312}.Debug|Any CPU.Build.0 = Debug|Any CPU
		{443762B3-C9CB-40D9-9EF6-903B84C01312}.Release|Any CPU.ActiveCfg = Release|Any CPU
		{443762B3-C9CB-40D9-9EF6-903B84C01312}.Release|Any CPU.Build.0 = Release|Any CPU
		{36471689-8D2A-4D94-B7B8-A026B0AF6881}.Debug|Any CPU.ActiveCfg = Debug|Any CPU
		{36471689-8D2A-4D94-B7B8-A026B0AF6881}.Debug|Any CPU.Build.0 = Debug|Any CPU
		{36471689-8D2A-4D94-B7B8-A026B0AF6881}.Release|Any CPU.ActiveCfg = Release|Any CPU
		{36471689-8D2A-4D94-B7B8-A026B0AF6881}.Release|Any CPU.Build.0 = Release|Any CPU
		{EBBFD49A-133D-4457-B2C1-108447B07A74}.Debug|Any CPU.ActiveCfg = Debug|Any CPU
		{EBBFD49A-133D-4457-B2C1-108447B07A74}.Debug|Any CPU.Build.0 = Debug|Any CPU
		{EBBFD49A-133D-4457-B2C1-108447B07A74}.Release|Any CPU.ActiveCfg = Release|Any CPU
		{EBBFD49A-133D-4457-B2C1-108447B07A74}.Release|Any CPU.Build.0 = Release|Any CPU
		{CB933AEF-7ACE-43A0-8C66-91291DDD0F53}.Debug|Any CPU.ActiveCfg = Debug|Any CPU
		{CB933AEF-7ACE-43A0-8C66-91291DDD0F53}.Debug|Any CPU.Build.0 = Debug|Any CPU
		{CB933AEF-7ACE-43A0-8C66-91291DDD0F53}.Release|Any CPU.ActiveCfg = Release|Any CPU
		{CB933AEF-7ACE-43A0-8C66-91291DDD0F53}.Release|Any CPU.Build.0 = Release|Any CPU
		{340B7626-1EDA-4216-8198-B671AC97B61F}.Debug|Any CPU.ActiveCfg = Debug|Any CPU
		{340B7626-1EDA-4216-8198-B671AC97B61F}.Debug|Any CPU.Build.0 = Debug|Any CPU
		{340B7626-1EDA-4216-8198-B671AC97B61F}.Release|Any CPU.ActiveCfg = Release|Any CPU
		{340B7626-1EDA-4216-8198-B671AC97B61F}.Release|Any CPU.Build.0 = Release|Any CPU
	EndGlobalSection
	GlobalSection(SolutionProperties) = preSolution
		HideSolutionNode = FALSE
	EndGlobalSection
	GlobalSection(NestedProjects) = preSolution
		{B2EAB9B7-79F0-41AE-A423-4AE4DECD4FEA} = {4A330215-291E-4B39-9AEB-4F816BA720E5}
		{327426F7-3D73-4593-A9A8-7510F498423E} = {4A330215-291E-4B39-9AEB-4F816BA720E5}
		{32F3E8BE-A9D9-4542-9041-661758CDE53A} = {12A7044A-CF8F-4B06-A51C-A02FBA678C1A}
		{45EB60C7-F01D-4D60-826E-D510A8CF9EF5} = {A43B3A1E-C8D3-4E64-9D75-59AEA098BEBC}
		{6A6D851B-AE01-4F3D-AED8-0F79C481EDB6} = {A43B3A1E-C8D3-4E64-9D75-59AEA098BEBC}
		{C7BE4AF0-EB1F-40B7-A822-3448F921F60D} = {8537FE07-5494-45A5-9F5A-B38D9BE9D599}
		{388EADE9-FD88-462E-A599-041165D84103} = {8537FE07-5494-45A5-9F5A-B38D9BE9D599}
		{AD1CE8AE-DA9C-4F15-83AC-247ADB14B5E7} = {BB632D27-4875-470D-9A5B-2ACFA5D748C4}
		{02A865C2-6C9B-45F7-B6E6-CB85C18B1095} = {B611E2A5-2CD0-43CD-B45E-980A5A396522}
		{B257AD2D-E0B7-4D4E-A1A1-944F93ECE2A0} = {B611E2A5-2CD0-43CD-B45E-980A5A396522}
		{D55A2C24-8AFE-4566-968C-D9344EBBB572} = {F1C7C047-A98F-49AF-B920-2E7889515EC3}
		{18C84CD4-4D52-4A66-BC89-52D227EA2020} = {F1C7C047-A98F-49AF-B920-2E7889515EC3}
		{9756F2D1-9C44-4365-8EB8-DA23F594F3D7} = {A1297739-E60F-4190-BAA2-1692B450376C}
		{460EC306-FD2A-4C63-A234-9B5B91D2A474} = {A1297739-E60F-4190-BAA2-1692B450376C}
		{61A99961-8823-42AB-8DE7-127A59DF742E} = {1045F200-3A70-40F7-A154-989682F02C0E}
		{9955AF5D-A5BF-4943-991A-DF874F174754} = {5A024B27-ED5D-4535-ABEA-A3186A484E69}
		{F8F630C6-423F-4388-ABFC-714057CF9A08} = {5A024B27-ED5D-4535-ABEA-A3186A484E69}
		{F5A1F7BD-F972-451D-84D5-B31FB19B82ED} = {B8472606-D799-4B7D-8CE0-D68152BBD64C}
		{C3C48AEB-5C31-4ABF-B0A4-5664509BE68B} = {73534CBA-7726-4B62-B29E-0E588E3BA09A}
		{174F7654-5EDC-4E87-A102-DFAF9DF111E4} = {73534CBA-7726-4B62-B29E-0E588E3BA09A}
		{9F169371-76B6-4500-8152-1F615FD3906C} = {CD0E042F-AAC9-4B43-8737-06AD77633723}
		{870A95FD-FF98-4D2B-83AA-8EB6208A95BB} = {5CAECCE2-C262-4C70-A0A0-D58B2177C640}
		{AE2DA9DB-1CCF-4562-96A8-B34EC504C57A} = {5CAECCE2-C262-4C70-A0A0-D58B2177C640}
		{C620B7D8-CC1C-4649-9879-553821E015E3} = {1C54B4FE-5536-4F41-813C-108D92CD8719}
		{394CD7EA-090E-43EF-8BC9-15CCEF353E27} = {1C54B4FE-5536-4F41-813C-108D92CD8719}
		{7FB4B55B-6BC7-403A-A566-A400CC907F89} = {1C54B4FE-5536-4F41-813C-108D92CD8719}
		{443762B3-C9CB-40D9-9EF6-903B84C01312} = {C9586334-34C9-49D5-9E2A-946E6B376564}
		{36471689-8D2A-4D94-B7B8-A026B0AF6881} = {E474424A-332F-470B-9B76-26CA38DF1E65}
		{EBBFD49A-133D-4457-B2C1-108447B07A74} = {ADD04F3D-4F97-480E-B27C-81F504DAF1DD}
		{CB933AEF-7ACE-43A0-8C66-91291DDD0F53} = {359DAC13-4B51-4523-82F0-6598941752F7}
		{340B7626-1EDA-4216-8198-B671AC97B61F} = {1C54B4FE-5536-4F41-813C-108D92CD8719}
	EndGlobalSection
	GlobalSection(ExtensibilityGlobals) = postSolution
		SolutionGuid = {8501C55B-7F4D-4991-9D43-1D28EF647A51}
	EndGlobalSection
EndGlobal
